# THIS IS AN AUTOGENERATED FILE. DO NOT EDIT THIS FILE DIRECTLY.
# yarn lockfile v1


"@eclipse-glsp/protocol@1.1.0-RC05":
  version "1.1.0-RC05"
  resolved "https://registry.yarnpkg.com/@eclipse-glsp/protocol/-/protocol-1.1.0-RC05.tgz#acf047aede531e7c63715fa8fe27e2d991291e04"
  integrity sha512-vwAgq0iesj59phCvrFNX8pJgVkq9gnspUEEe/0i72MWrI1hM7svH0GX9TW6nCBOC64Z4uBqT8+ts2IjtcWyRcg==
  dependencies:
    sprotty-protocol "0.13.0-next.f4445dd.342"
    uuid "7.0.3"
    vscode-ws-jsonrpc "^2.0.1"

"@types/node@^12.12.0":
  version "12.20.55"
  resolved "https://registry.yarnpkg.com/@types/node/-/node-12.20.55.tgz#c329cbd434c42164f846b909bd6f85b5537f6240"
  integrity sha512-J8xLz7q2OFulZ2cyGTLE1TbbZcjpno7FaN6zdJNrgAdrJ+DZzh/uFR6YrTb4C+nXakvud8Q4+rbhoIWlYQbUFQ==

"@types/vscode@^1.54.0":
  version "1.75.0"
  resolved "https://registry.yarnpkg.com/@types/vscode/-/vscode-1.75.0.tgz#f1892a727db9a0eb4997058a804170b8c0ba218e"
  integrity sha512-SAr0PoOhJS6FUq5LjNr8C/StBKALZwDVm3+U4pjF/3iYkt3GioJOPV/oB1Sf1l7lROe4TgrMyL5N1yaEgTWycw==

sprotty-protocol@0.13.0-next.f4445dd.342:
  version "0.13.0-next.f4445dd.342"
  resolved "https://registry.yarnpkg.com/sprotty-protocol/-/sprotty-protocol-0.13.0-next.f4445dd.342.tgz#79e39a3427202d59173f61f3f03429dfdec7ab9c"
  integrity sha512-6cNoZrvay1Gk3uk6NqlmraBy68dskvhuDKDiUlpxbzFQ/ZVO4MKY2D41S5AXzjDyOtYQO6tZjlPrNCjmj5Kvrg==

uuid@7.0.3:
  version "7.0.3"
  resolved "https://registry.yarnpkg.com/uuid/-/uuid-7.0.3.tgz#c5c9f2c8cf25dc0a372c4df1441c41f5bd0c680b"
  integrity sha512-DPSke0pXhTZgoF/d+WSt2QaKMCFSfx7QegxEWT+JOuHF5aWrKEn0G+ztjuJg/gG8/ItK+rbPCD/yNv8yyih6Cg==

vscode-jsonrpc@8.0.2, vscode-jsonrpc@^8.0.2:
  version "8.0.2"
  resolved "https://registry.yarnpkg.com/vscode-jsonrpc/-/vscode-jsonrpc-8.0.2.tgz#f239ed2cd6004021b6550af9fd9d3e47eee3cac9"
  integrity sha512-RY7HwI/ydoC1Wwg4gJ3y6LpU9FJRZAUnTYMXthqhFXXu77ErDd/xkREpGuk4MyYkk4a+XDWAMqe0S3KkelYQEQ==

vscode-ws-jsonrpc@^2.0.1:
  version "2.0.2"
  resolved "https://registry.yarnpkg.com/vscode-ws-jsonrpc/-/vscode-ws-jsonrpc-2.0.2.tgz#6bad2ecd654e6789eefaa6ad490d3e20dbdece86"
  integrity sha512-gIOGdaWwKYwwqohgeRC8AtqqHSNghK8wA3oVcBi7UMAdZnRSAf8n4/Svtd+JHqGiIguYdNa/sC0s4IW3ZDF7mA==
  dependencies:
    vscode-jsonrpc "8.0.2"
