# THIS IS AN AUTOGENERATED FILE. DO NOT EDIT THIS FILE DIRECTLY.
# yarn lockfile v1


"@eclipse-glsp/protocol@1.1.0-RC10":
  version "1.1.0-RC10"
  resolved "https://registry.yarnpkg.com/@eclipse-glsp/protocol/-/protocol-1.1.0-RC10.tgz#123fc350277431ce36a719b582c0cc12746df6a9"
  integrity sha512-00sT68AbyiiMF63kXdQcQz0vPpf4Nuf1pWoxsJq82npyCIL1PP2rqqE3v+RfQQFic0cmYQObXhJCueK/BjvDaw==
  dependencies:
    sprotty-protocol "0.14.0-next.02bbac0.26"
    uuid "7.0.3"
    vscode-jsonrpc "^8.0.2"

"@types/node@*":
  version "20.3.2"
  resolved "https://registry.yarnpkg.com/@types/node/-/node-20.3.2.tgz#fa6a90f2600e052a03c18b8cb3fd83dd4e599898"
  integrity sha512-vOBLVQeCQfIcF/2Y7eKFTqrMnizK5lRNQ7ykML/5RuwVXVWxYkgwS7xbt4B6fKCUPgbSL5FSsjHQpaGQP/dQmw==

"@types/node@^12.12.0":
  version "12.20.55"
  resolved "https://registry.yarnpkg.com/@types/node/-/node-12.20.55.tgz#c329cbd434c42164f846b909bd6f85b5537f6240"
  integrity sha512-J8xLz7q2OFulZ2cyGTLE1TbbZcjpno7FaN6zdJNrgAdrJ+DZzh/uFR6YrTb4C+nXakvud8Q4+rbhoIWlYQbUFQ==

"@types/vscode@^1.54.0":
  version "1.79.1"
  resolved "https://registry.yarnpkg.com/@types/vscode/-/vscode-1.79.1.tgz#ab568315f9c844a8f4fa8f168b2d6dbf1f58dd02"
  integrity sha512-Ikwc4YbHABzqthrWfeAvItaAIfX9mdjMWxqNgTpGjhgOu0TMRq9LzyZ2yBK0JhYqoSjEubEPawf6zJgnl6Egtw==

"@types/ws@^8.5.4":
  version "8.5.5"
  resolved "https://registry.yarnpkg.com/@types/ws/-/ws-8.5.5.tgz#af587964aa06682702ee6dcbc7be41a80e4b28eb"
  integrity sha512-lwhs8hktwxSjf9UaZ9tG5M03PGogvFaH8gUgLNbN9HKIg0dvv6q+gkSuJ8HN4/VbyxkuLzCjlN7GquQ0gUJfIg==
  dependencies:
    "@types/node" "*"

sprotty-protocol@0.14.0-next.02bbac0.26:
  version "0.14.0-next.02bbac0.26"
  resolved "https://registry.yarnpkg.com/sprotty-protocol/-/sprotty-protocol-0.14.0-next.02bbac0.26.tgz#e9bf147aa8e5c8e05f4392339573ee03fa0b3d7f"
  integrity sha512-a8gbAKjRAIhCV+kM5+E96na7WgWwlqWU/jxhv23w4aLbkurs1gNR6uAF4sm0ahyhXnFxSl7KMUyYJG5km7Iyug==

uuid@7.0.3:
  version "7.0.3"
  resolved "https://registry.yarnpkg.com/uuid/-/uuid-7.0.3.tgz#c5c9f2c8cf25dc0a372c4df1441c41f5bd0c680b"
  integrity sha512-DPSke0pXhTZgoF/d+WSt2QaKMCFSfx7QegxEWT+JOuHF5aWrKEn0G+ztjuJg/gG8/ItK+rbPCD/yNv8yyih6Cg==

vscode-jsonrpc@^8.0.2:
  version "8.1.0"
  resolved "https://registry.yarnpkg.com/vscode-jsonrpc/-/vscode-jsonrpc-8.1.0.tgz#cb9989c65e219e18533cc38e767611272d274c94"
  integrity sha512-6TDy/abTQk+zDGYazgbIPc+4JoXdwC8NHU9Pbn4UJP1fehUyZmM4RHp5IthX7A6L5KS30PRui+j+tbbMMMafdw==

ws@^8.13.0:
  version "8.13.0"
  resolved "https://registry.yarnpkg.com/ws/-/ws-8.13.0.tgz#9a9fb92f93cf41512a0735c8f4dd09b8a1211cd0"
  integrity sha512-x9vcZYTrFPC7aSIbj7sRCYo7L/Xb8Iy+pW0ng0wt2vCJv7M9HOMy0UoN3rr+IFC7hb7vXoqS+P9ktyLLLhO+LA==
