# THIS IS AN AUTOGENERATED FILE. DO NOT EDIT THIS FILE DIRECTLY.
# yarn lockfile v1


"@eclipse-glsp/protocol@1.1.0-RC07":
  version "1.1.0-RC07"
  resolved "https://registry.yarnpkg.com/@eclipse-glsp/protocol/-/protocol-1.1.0-RC07.tgz#ad689a62ae85481f12533ef09bdf93890e2e1761"
  integrity sha512-LvDTODuQBWkl4lt9iTZXSeUSH9+0WqQ5FThgxvLreyOJmxsHjfVqCKyUvA73rVsGKlNF5rA19Vr6QmQSNFruAA==
  dependencies:
    sprotty-protocol "0.13.0-next.f4445dd.342"
    uuid "7.0.3"
    vscode-jsonrpc "^8.0.2"

"@types/node@^12.12.0":
  version "12.20.55"
  resolved "https://registry.yarnpkg.com/@types/node/-/node-12.20.55.tgz#c329cbd434c42164f846b909bd6f85b5537f6240"
  integrity sha512-J8xLz7q2OFulZ2cyGTLE1TbbZcjpno7FaN6zdJNrgAdrJ+DZzh/uFR6YrTb4C+nXakvud8Q4+rbhoIWlYQbUFQ==

"@types/vscode@^1.54.0":
  version "1.77.0"
  resolved "https://registry.yarnpkg.com/@types/vscode/-/vscode-1.77.0.tgz#f92f15a636abc9ef562f44dd8af6766aefedb445"
  integrity sha512-MWFN5R7a33n8eJZJmdVlifjig3LWUNRrPeO1xemIcZ0ae0TEQuRc7G2xV0LUX78RZFECY1plYBn+dP/Acc3L0Q==

sprotty-protocol@0.13.0-next.f4445dd.342:
  version "0.13.0-next.f4445dd.342"
  resolved "https://registry.yarnpkg.com/sprotty-protocol/-/sprotty-protocol-0.13.0-next.f4445dd.342.tgz#79e39a3427202d59173f61f3f03429dfdec7ab9c"
  integrity sha512-6cNoZrvay1Gk3uk6NqlmraBy68dskvhuDKDiUlpxbzFQ/ZVO4MKY2D41S5AXzjDyOtYQO6tZjlPrNCjmj5Kvrg==

uuid@7.0.3:
  version "7.0.3"
  resolved "https://registry.yarnpkg.com/uuid/-/uuid-7.0.3.tgz#c5c9f2c8cf25dc0a372c4df1441c41f5bd0c680b"
  integrity sha512-DPSke0pXhTZgoF/d+WSt2QaKMCFSfx7QegxEWT+JOuHF5aWrKEn0G+ztjuJg/gG8/ItK+rbPCD/yNv8yyih6Cg==

vscode-jsonrpc@^8.0.2:
  version "8.1.0"
  resolved "https://registry.yarnpkg.com/vscode-jsonrpc/-/vscode-jsonrpc-8.1.0.tgz#cb9989c65e219e18533cc38e767611272d274c94"
  integrity sha512-6TDy/abTQk+zDGYazgbIPc+4JoXdwC8NHU9Pbn4UJP1fehUyZmM4RHp5IthX7A6L5KS30PRui+j+tbbMMMafdw==
