# THIS IS AN AUTOGENERATED FILE. DO NOT EDIT THIS FILE DIRECTLY.
# yarn lockfile v1


"@eclipse-glsp/client@1.1.0-RC03":
  version "1.1.0-RC03"
  resolved "https://registry.yarnpkg.com/@eclipse-glsp/client/-/client-1.1.0-RC03.tgz#566f229570742f659ed077852fdbd8f686aab61e"
  integrity sha512-T0Az6EjzohNe2LTp5hZmVCOGwjo/D3pg5FehvjnRwA7iL+qeYY0Lt6rQQlv9B58gld9IcnyV01BgY1KMLQC73w==
  dependencies:
    "@eclipse-glsp/protocol" "1.1.0-RC03"
    autocompleter "5.1.0"
    sprotty "0.13.0-next.1c4343c.328"

"@eclipse-glsp/protocol@1.1.0-RC03":
  version "1.1.0-RC03"
  resolved "https://registry.yarnpkg.com/@eclipse-glsp/protocol/-/protocol-1.1.0-RC03.tgz#710cebd16db6e8212650dbf854a5fd068725c7ba"
  integrity sha512-ZE0DkkbODBJGV7SwwNOlr7q6FupfRLi1EiY77Hkjkvi0HBNFUP4PyRzveYr+iuEljsVkoMRON6ZygxQup/nXSg==
  dependencies:
    sprotty-protocol "0.12.0"
    uuid "7.0.3"
    vscode-ws-jsonrpc "0.2.0"

"@vscode/codicons@^0.0.25":
  version "0.0.25"
  resolved "https://registry.yarnpkg.com/@vscode/codicons/-/codicons-0.0.25.tgz#4ebc3e2c9e707ac46aea0becceda79f7738c647c"
  integrity sha512-uqPhTdADjwoCh5Ufbv0M6TZiiP2mqbfJVB4grhVx1k+YeP03LDMOHBWPsNwGKn4/0S5Mq9o1w1GeftvR031Gzg==

autocompleter@5.1.0:
  version "5.1.0"
  resolved "https://registry.yarnpkg.com/autocompleter/-/autocompleter-5.1.0.tgz#da80488ddf1f1d89b0a8f5d36cab24439de18ab8"
  integrity sha512-xFZla6guwywqFJutoi5xrhAmaKw4/TU8CcLuNep/3OtiUfpNXtgzuBkkXJ6ysJIfG6MEEXFtUBg3PREN6HUVyw==

autocompleter@^5.1.0:
  version "5.2.0"
  resolved "https://registry.yarnpkg.com/autocompleter/-/autocompleter-5.2.0.tgz#9ed3df262614fd557bf4d5bf67ab13cdee008203"
  integrity sha512-CMYgI+r7RGZFaT0SvXcyBn1hb/Ne6XbjXimWQPc16LcwZgUGFBHg/Pv8honrwkTZE4DbfrD/MzqlG+Bn2u+1ng==

file-saver@^2.0.2:
  version "2.0.5"
  resolved "https://registry.yarnpkg.com/file-saver/-/file-saver-2.0.5.tgz#d61cfe2ce059f414d899e9dd6d4107ee25670c38"
  integrity sha512-P9bmyZ3h/PRG+Nzga+rbdI4OEpNDzAVyy74uVO9ATgzLK6VtAsYybF/+TOCvrc0MO793d6+42lLyZTw7/ArVzA==

inherits@2.0.3:
  version "2.0.3"
  resolved "https://registry.yarnpkg.com/inherits/-/inherits-2.0.3.tgz#633c2c83e3da42a502f52466022480f4208261de"
  integrity sha512-x00IRNXNy63jwGkJmzPigoySHbaqpNuzKbBOmzK+g2OdZpQ9w+sxCN+VSB3ja7IAge2OP2qpfxTjeNcyjmW1uw==

inversify@^5.1.1:
  version "5.1.1"
  resolved "https://registry.yarnpkg.com/inversify/-/inversify-5.1.1.tgz#6fbd668c591337404e005a1946bfe0d802c08730"
  integrity sha512-j8grHGDzv1v+8T1sAQ+3boTCntFPfvxLCkNcxB1J8qA0lUN+fAlSyYd+RXKvaPRL4AGyPxViutBEJHNXOyUdFQ==

path@^0.12.7:
  version "0.12.7"
  resolved "https://registry.yarnpkg.com/path/-/path-0.12.7.tgz#d4dc2a506c4ce2197eb481ebfcd5b36c0140b10f"
  integrity sha512-aXXC6s+1w7otVF9UletFkFcDsJeO7lSZBPUQhtb5O0xJe8LtYhj/GxldoL09bBj9+ZmE2hNoHqQSFMN5fikh4Q==
  dependencies:
    process "^0.11.1"
    util "^0.10.3"

process@^0.11.1:
  version "0.11.10"
  resolved "https://registry.yarnpkg.com/process/-/process-0.11.10.tgz#7332300e840161bda3e69a1d1d91a7d4bc16f182"
  integrity sha512-cdGef/drWFoydD1JsMzuFf8100nZl+GT+yacc2bEced5f9Rjk4z+WtFUTBu9PhOi9j/jfmBPu0mMEY4wIdAF8A==

reflect-metadata@^0.1.13:
  version "0.1.13"
  resolved "https://registry.yarnpkg.com/reflect-metadata/-/reflect-metadata-0.1.13.tgz#67ae3ca57c972a2aa1642b10fe363fe32d49dc08"
  integrity sha512-Ts1Y/anZELhSsjMcU605fU9RE4Oi3p5ORujwbIKXfWa+0Zxs510Qrmrce5/Jowq3cHSZSJqBjypxmHarc+vEWg==

snabbdom@^3.0.3:
  version "3.5.1"
  resolved "https://registry.yarnpkg.com/snabbdom/-/snabbdom-3.5.1.tgz#25f80ef15b194baea703d9d5441892e369de18e1"
  integrity sha512-wHMNIOjkm/YNE5EM3RCbr/+DVgPg6AqQAX1eOxO46zYNvCXjKP5Y865tqQj3EXnaMBjkxmQA5jFuDpDK/dbfiA==

sprotty-protocol@0.12.0, sprotty-protocol@~0.12.0:
  version "0.12.0"
  resolved "https://registry.yarnpkg.com/sprotty-protocol/-/sprotty-protocol-0.12.0.tgz#542eb6396a645f85f8cfc2e7ef1d9b90c7b1980b"
  integrity sha512-vbov+XfbmSeMYb46vm6dJvK3q7YKUvg0q7JnM6H7Ca5qY8TaZCEZ5Vc8zHKFZGWchcwnQYKqLTzwDItsMikD0A==

sprotty-protocol@0.13.0-next.1c4343c.328+1c4343c:
  version "0.13.0-next.1c4343c.328"
  resolved "https://registry.yarnpkg.com/sprotty-protocol/-/sprotty-protocol-0.13.0-next.1c4343c.328.tgz#3354fbf5eb405b289f0784f70c508cc99d6ef131"
  integrity sha512-sprFlSDmNBHlgAgAq2vM7hllfvb8GTVAM6u0Ws7tPAnicTAA/ulmiYbeYfvJZH5uuAasSW2B7ieWzg1+kgF/xg==

sprotty-vscode-protocol@~0.3.0:
  version "0.3.0"
  resolved "https://registry.yarnpkg.com/sprotty-vscode-protocol/-/sprotty-vscode-protocol-0.3.0.tgz#8b3be8945af0cf90eeb0b0556f8de85305948cf7"
  integrity sha512-p7PguMSJ6HC5Jo2FOdoazH/KbJZzO4Dtob72HCKkR90Wa1/3e57ETMvUCbjOf1xSFlO0OJ4ygjNgOhiJDocIPQ==
  dependencies:
    path "^0.12.7"
    sprotty-protocol "~0.12.0"
    vscode-languageserver-protocol "^3.16.0"

sprotty-vscode-webview@~0.3.1:
  version "0.3.1"
  resolved "https://registry.yarnpkg.com/sprotty-vscode-webview/-/sprotty-vscode-webview-0.3.1.tgz#4865de05228ff8ec8df6aa94974764f2457471fb"
  integrity sha512-DoZSFvwxWj70aON/aPu02YM5Qu0PXloBJqKQGt0+jBu9smMQ+cRG8ZpHRS7WSgfvYZhQnx3c3U5W7VMe/BNCVg==
  dependencies:
    sprotty "~0.12.0"
    sprotty-vscode-protocol "~0.3.0"
    vscode-uri "^3.0.2"

sprotty@0.13.0-next.1c4343c.328:
  version "0.13.0-next.1c4343c.328"
  resolved "https://registry.yarnpkg.com/sprotty/-/sprotty-0.13.0-next.1c4343c.328.tgz#ab943696ebae2be75dedc33e751b2792ec6914c8"
  integrity sha512-6+//jO+c3ix5Sj2JG6lkHlp81PSY1/7ZGIw5DLipLwmZ/VSgFyU4JbOlXdk2FCMqUCgA77QZnU8mMmMwrDDm9A==
  dependencies:
    "@vscode/codicons" "^0.0.25"
    autocompleter "^5.1.0"
    file-saver "^2.0.2"
    inversify "^5.1.1"
    snabbdom "^3.0.3"
    sprotty-protocol "0.13.0-next.1c4343c.328+1c4343c"
    tinyqueue "^2.0.3"

sprotty@~0.12.0:
  version "0.12.0"
  resolved "https://registry.yarnpkg.com/sprotty/-/sprotty-0.12.0.tgz#693432346d9321bb19f368c6806641539962db99"
  integrity sha512-0RjRn3iR9McDt+LZ+cyySfdBdWyzR4kPbg4xESumvoSPziHphs6TdM7CvJ9ywTMmG131nKUF6GgbzhQZ+L6cGg==
  dependencies:
    "@vscode/codicons" "^0.0.25"
    autocompleter "^5.1.0"
    file-saver "^2.0.2"
    inversify "^5.1.1"
    snabbdom "^3.0.3"
    sprotty-protocol "~0.12.0"
    tinyqueue "^2.0.3"

tinyqueue@^2.0.3:
  version "2.0.3"
  resolved "https://registry.yarnpkg.com/tinyqueue/-/tinyqueue-2.0.3.tgz#64d8492ebf39e7801d7bd34062e29b45b2035f08"
  integrity sha512-ppJZNDuKGgxzkHihX8v9v9G5f+18gzaTfrukGrq6ueg0lmH4nqVnA2IPG0AEH3jKEk2GRJCUhDoqpoiw3PHLBA==

util@^0.10.3:
  version "0.10.4"
  resolved "https://registry.yarnpkg.com/util/-/util-0.10.4.tgz#3aa0125bfe668a4672de58857d3ace27ecb76901"
  integrity sha512-0Pm9hTQ3se5ll1XihRic3FDIku70C+iHUdT/W926rSgHV5QgXsYbKZN8MSC3tJtSkhuROzvsQjAaFENRXr+19A==
  dependencies:
    inherits "2.0.3"

uuid@7.0.3:
  version "7.0.3"
  resolved "https://registry.yarnpkg.com/uuid/-/uuid-7.0.3.tgz#c5c9f2c8cf25dc0a372c4df1441c41f5bd0c680b"
  integrity sha512-DPSke0pXhTZgoF/d+WSt2QaKMCFSfx7QegxEWT+JOuHF5aWrKEn0G+ztjuJg/gG8/ItK+rbPCD/yNv8yyih6Cg==

vscode-jsonrpc@8.0.2:
  version "8.0.2"
  resolved "https://registry.yarnpkg.com/vscode-jsonrpc/-/vscode-jsonrpc-8.0.2.tgz#f239ed2cd6004021b6550af9fd9d3e47eee3cac9"
  integrity sha512-RY7HwI/ydoC1Wwg4gJ3y6LpU9FJRZAUnTYMXthqhFXXu77ErDd/xkREpGuk4MyYkk4a+XDWAMqe0S3KkelYQEQ==

vscode-jsonrpc@^5.0.0:
  version "5.0.1"
  resolved "https://registry.yarnpkg.com/vscode-jsonrpc/-/vscode-jsonrpc-5.0.1.tgz#9bab9c330d89f43fc8c1e8702b5c36e058a01794"
  integrity sha512-JvONPptw3GAQGXlVV2utDcHx0BiY34FupW/kI6mZ5x06ER5DdPG/tXWMVHjTNULF5uKPOUUD0SaXg5QaubJL0A==

vscode-languageserver-protocol@^3.16.0:
  version "3.17.2"
  resolved "https://registry.yarnpkg.com/vscode-languageserver-protocol/-/vscode-languageserver-protocol-3.17.2.tgz#beaa46aea06ed061576586c5e11368a9afc1d378"
  integrity sha512-8kYisQ3z/SQ2kyjlNeQxbkkTNmVFoQCqkmGrzLH6A9ecPlgTbp3wDTnUNqaUxYr4vlAcloxx8zwy7G5WdguYNg==
  dependencies:
    vscode-jsonrpc "8.0.2"
    vscode-languageserver-types "3.17.2"

vscode-languageserver-types@3.17.2:
  version "3.17.2"
  resolved "https://registry.yarnpkg.com/vscode-languageserver-types/-/vscode-languageserver-types-3.17.2.tgz#b2c2e7de405ad3d73a883e91989b850170ffc4f2"
  integrity sha512-zHhCWatviizPIq9B7Vh9uvrH6x3sK8itC84HkamnBWoDFJtzBf7SWlpLCZUit72b3os45h6RWQNC9xHRDF8dRA==

vscode-uri@^3.0.2:
  version "3.0.6"
  resolved "https://registry.yarnpkg.com/vscode-uri/-/vscode-uri-3.0.6.tgz#5e6e2e1a4170543af30151b561a41f71db1d6f91"
  integrity sha512-fmL7V1eiDBFRRnu+gfRWTzyPpNIHJTc4mWnFkwBUmO9U3KPgJAmTx7oxi2bl/Rh6HLdU7+4C9wlj0k2E4AdKFQ==

vscode-ws-jsonrpc@0.2.0:
  version "0.2.0"
  resolved "https://registry.yarnpkg.com/vscode-ws-jsonrpc/-/vscode-ws-jsonrpc-0.2.0.tgz#5e9c26e10da54a1a235da7d59e74508bbcb8edd9"
  integrity sha512-NE9HNRgPjCaPyTJvIudcpyIWPImxwRDtuTX16yks7SAiZgSXigxAiZOvSvVBGmD1G/OMfrFo6BblOtjVR9DdVA==
  dependencies:
    vscode-jsonrpc "^5.0.0"
