# THIS IS AN AUTOGENERATED FILE. DO NOT EDIT THIS FILE DIRECTLY.
# yarn lockfile v1


"@eclipse-glsp/client@1.1.0-RC09":
  version "1.1.0-RC09"
  resolved "https://registry.yarnpkg.com/@eclipse-glsp/client/-/client-1.1.0-RC09.tgz#df68ddb176657d5b9eda0c9701a26c70595d9143"
  integrity sha512-JQGNwueTJ5RBHwH7ukkVmZI8cTf2TWLNg9bjdPTP+jRbkWNWf2UlrmJBqqYoqNyqU8Xv+7f3rpk/wwqLu1WxMw==
  dependencies:
    "@eclipse-glsp/protocol" "1.1.0-RC09"
    autocompleter "5.1.0"
    sprotty "0.13.0-next.f4445dd.342"

"@eclipse-glsp/protocol@1.1.0-RC09":
  version "1.1.0-RC09"
  resolved "https://registry.yarnpkg.com/@eclipse-glsp/protocol/-/protocol-1.1.0-RC09.tgz#5985a82c62342bae921a687246e7101595d9d4d2"
  integrity sha512-mq3qV4LeIAXU+hezGfHibjXqTF6GryK7hjRMajLfGrViJIj2MKza6qC17earWGXEX2qxk8Ha4c6TS6QeYt/5Ag==
  dependencies:
    sprotty-protocol "0.13.0-next.f4445dd.342"
    uuid "7.0.3"
    vscode-jsonrpc "^8.0.2"

autocompleter@5.1.0:
  version "5.1.0"
  resolved "https://registry.yarnpkg.com/autocompleter/-/autocompleter-5.1.0.tgz#da80488ddf1f1d89b0a8f5d36cab24439de18ab8"
  integrity sha512-xFZla6guwywqFJutoi5xrhAmaKw4/TU8CcLuNep/3OtiUfpNXtgzuBkkXJ6ysJIfG6MEEXFtUBg3PREN6HUVyw==

autocompleter@^5.1.0:
  version "5.2.0"
  resolved "https://registry.yarnpkg.com/autocompleter/-/autocompleter-5.2.0.tgz#9ed3df262614fd557bf4d5bf67ab13cdee008203"
  integrity sha512-CMYgI+r7RGZFaT0SvXcyBn1hb/Ne6XbjXimWQPc16LcwZgUGFBHg/Pv8honrwkTZE4DbfrD/MzqlG+Bn2u+1ng==

file-saver@^2.0.2:
  version "2.0.5"
  resolved "https://registry.yarnpkg.com/file-saver/-/file-saver-2.0.5.tgz#d61cfe2ce059f414d899e9dd6d4107ee25670c38"
  integrity sha512-P9bmyZ3h/PRG+Nzga+rbdI4OEpNDzAVyy74uVO9ATgzLK6VtAsYybF/+TOCvrc0MO793d6+42lLyZTw7/ArVzA==

inversify@^5.1.1:
  version "5.1.1"
  resolved "https://registry.yarnpkg.com/inversify/-/inversify-5.1.1.tgz#6fbd668c591337404e005a1946bfe0d802c08730"
  integrity sha512-j8grHGDzv1v+8T1sAQ+3boTCntFPfvxLCkNcxB1J8qA0lUN+fAlSyYd+RXKvaPRL4AGyPxViutBEJHNXOyUdFQ==

reflect-metadata@^0.1.13:
  version "0.1.13"
  resolved "https://registry.yarnpkg.com/reflect-metadata/-/reflect-metadata-0.1.13.tgz#67ae3ca57c972a2aa1642b10fe363fe32d49dc08"
  integrity sha512-Ts1Y/anZELhSsjMcU605fU9RE4Oi3p5ORujwbIKXfWa+0Zxs510Qrmrce5/Jowq3cHSZSJqBjypxmHarc+vEWg==

snabbdom@^3.0.3:
  version "3.5.1"
  resolved "https://registry.yarnpkg.com/snabbdom/-/snabbdom-3.5.1.tgz#25f80ef15b194baea703d9d5441892e369de18e1"
  integrity sha512-wHMNIOjkm/YNE5EM3RCbr/+DVgPg6AqQAX1eOxO46zYNvCXjKP5Y865tqQj3EXnaMBjkxmQA5jFuDpDK/dbfiA==

sprotty-protocol@0.13.0-next.f4445dd.342, sprotty-protocol@0.13.0-next.f4445dd.342+f4445dd:
  version "0.13.0-next.f4445dd.342"
  resolved "https://registry.yarnpkg.com/sprotty-protocol/-/sprotty-protocol-0.13.0-next.f4445dd.342.tgz#79e39a3427202d59173f61f3f03429dfdec7ab9c"
  integrity sha512-6cNoZrvay1Gk3uk6NqlmraBy68dskvhuDKDiUlpxbzFQ/ZVO4MKY2D41S5AXzjDyOtYQO6tZjlPrNCjmj5Kvrg==

sprotty@0.13.0-next.f4445dd.342:
  version "0.13.0-next.f4445dd.342"
  resolved "https://registry.yarnpkg.com/sprotty/-/sprotty-0.13.0-next.f4445dd.342.tgz#053fc2863109bc56f32ab6582a9c8ce46dc10cbd"
  integrity sha512-OdaNjgaITsQz71w+omc9ZSP3TJ/66vlVdWkVg+zGPQ1spAmS/iXvYhizax7OuP5J+GsjQemCDw9ZWH8lTnbgrw==
  dependencies:
    autocompleter "^5.1.0"
    file-saver "^2.0.2"
    inversify "^5.1.1"
    snabbdom "^3.0.3"
    sprotty-protocol "0.13.0-next.f4445dd.342+f4445dd"
    tinyqueue "^2.0.3"

tinyqueue@^2.0.3:
  version "2.0.3"
  resolved "https://registry.yarnpkg.com/tinyqueue/-/tinyqueue-2.0.3.tgz#64d8492ebf39e7801d7bd34062e29b45b2035f08"
  integrity sha512-ppJZNDuKGgxzkHihX8v9v9G5f+18gzaTfrukGrq6ueg0lmH4nqVnA2IPG0AEH3jKEk2GRJCUhDoqpoiw3PHLBA==

uuid@7.0.3:
  version "7.0.3"
  resolved "https://registry.yarnpkg.com/uuid/-/uuid-7.0.3.tgz#c5c9f2c8cf25dc0a372c4df1441c41f5bd0c680b"
  integrity sha512-DPSke0pXhTZgoF/d+WSt2QaKMCFSfx7QegxEWT+JOuHF5aWrKEn0G+ztjuJg/gG8/ItK+rbPCD/yNv8yyih6Cg==

vscode-jsonrpc@^8.0.2:
  version "8.1.0"
  resolved "https://registry.yarnpkg.com/vscode-jsonrpc/-/vscode-jsonrpc-8.1.0.tgz#cb9989c65e219e18533cc38e767611272d274c94"
  integrity sha512-6TDy/abTQk+zDGYazgbIPc+4JoXdwC8NHU9Pbn4UJP1fehUyZmM4RHp5IthX7A6L5KS30PRui+j+tbbMMMafdw==
