# THIS IS AN AUTOGENERATED FILE. DO NOT EDIT THIS FILE DIRECTLY.
# yarn lockfile v1


"@eclipse-glsp/client@1.1.0-RC10":
  version "1.1.0-RC10"
  resolved "https://registry.yarnpkg.com/@eclipse-glsp/client/-/client-1.1.0-RC10.tgz#c32c91f5c1410f32c97bf506ecf9b97c7dafeb20"
  integrity sha512-vMdUu5X8waKNXGRU9DEylvTkMfayiCtWRy4e+TWygfiiM7G7wD8AZPL4fGQoDT3h7ulsgpXV+Mcorysp86P6lw==
  dependencies:
    "@eclipse-glsp/protocol" "1.1.0-RC10"
    autocompleter "5.1.0"
    lodash "4.17.21"
    sprotty "0.14.0-next.02bbac0.26"

"@eclipse-glsp/protocol@1.1.0-RC10":
  version "1.1.0-RC10"
  resolved "https://registry.yarnpkg.com/@eclipse-glsp/protocol/-/protocol-1.1.0-RC10.tgz#123fc350277431ce36a719b582c0cc12746df6a9"
  integrity sha512-00sT68AbyiiMF63kXdQcQz0vPpf4Nuf1pWoxsJq82npyCIL1PP2rqqE3v+RfQQFic0cmYQObXhJCueK/BjvDaw==
  dependencies:
    sprotty-protocol "0.14.0-next.02bbac0.26"
    uuid "7.0.3"
    vscode-jsonrpc "^8.0.2"

autocompleter@5.1.0:
  version "5.1.0"
  resolved "https://registry.yarnpkg.com/autocompleter/-/autocompleter-5.1.0.tgz#da80488ddf1f1d89b0a8f5d36cab24439de18ab8"
  integrity sha512-xFZla6guwywqFJutoi5xrhAmaKw4/TU8CcLuNep/3OtiUfpNXtgzuBkkXJ6ysJIfG6MEEXFtUBg3PREN6HUVyw==

autocompleter@^7.0.1:
  version "7.1.0"
  resolved "https://registry.yarnpkg.com/autocompleter/-/autocompleter-7.1.0.tgz#f8ff1428ec976eddc3eb8df7a2842c287d9b2bf5"
  integrity sha512-uCToOnq7eAD/GJAteDbYuQ7ksDtrYWOy5CIAq43wh0dT+5frMpPlyD9tp+y5fz8KIcsP+zR2MjzoTAdW5aJESw==

file-saver@^2.0.5:
  version "2.0.5"
  resolved "https://registry.yarnpkg.com/file-saver/-/file-saver-2.0.5.tgz#d61cfe2ce059f414d899e9dd6d4107ee25670c38"
  integrity sha512-P9bmyZ3h/PRG+Nzga+rbdI4OEpNDzAVyy74uVO9ATgzLK6VtAsYybF/+TOCvrc0MO793d6+42lLyZTw7/ArVzA==

lodash@4.17.21:
  version "4.17.21"
  resolved "https://registry.yarnpkg.com/lodash/-/lodash-4.17.21.tgz#679591c564c3bffaae8454cf0b3df370c3d6911c"
  integrity sha512-v2kDEe57lecTulaDIuNTPy3Ry4gLGJ6Z1O3vE1krgXZNrsQ+LFTGHVxVjcXPs17LhbZVGedAJv8XZ1tvj5FvSg==

reflect-metadata@^0.1.13:
  version "0.1.13"
  resolved "https://registry.yarnpkg.com/reflect-metadata/-/reflect-metadata-0.1.13.tgz#67ae3ca57c972a2aa1642b10fe363fe32d49dc08"
  integrity sha512-Ts1Y/anZELhSsjMcU605fU9RE4Oi3p5ORujwbIKXfWa+0Zxs510Qrmrce5/Jowq3cHSZSJqBjypxmHarc+vEWg==

snabbdom@^3.5.1:
  version "3.5.1"
  resolved "https://registry.yarnpkg.com/snabbdom/-/snabbdom-3.5.1.tgz#25f80ef15b194baea703d9d5441892e369de18e1"
  integrity sha512-wHMNIOjkm/YNE5EM3RCbr/+DVgPg6AqQAX1eOxO46zYNvCXjKP5Y865tqQj3EXnaMBjkxmQA5jFuDpDK/dbfiA==

sprotty-protocol@0.14.0-next.02bbac0.26, sprotty-protocol@0.14.0-next.02bbac0.26+02bbac0:
  version "0.14.0-next.02bbac0.26"
  resolved "https://registry.yarnpkg.com/sprotty-protocol/-/sprotty-protocol-0.14.0-next.02bbac0.26.tgz#e9bf147aa8e5c8e05f4392339573ee03fa0b3d7f"
  integrity sha512-a8gbAKjRAIhCV+kM5+E96na7WgWwlqWU/jxhv23w4aLbkurs1gNR6uAF4sm0ahyhXnFxSl7KMUyYJG5km7Iyug==

sprotty@0.14.0-next.02bbac0.26:
  version "0.14.0-next.02bbac0.26"
  resolved "https://registry.yarnpkg.com/sprotty/-/sprotty-0.14.0-next.02bbac0.26.tgz#0177e9c31e129fba5a61a358145c7f1861cee28a"
  integrity sha512-xNheZO66EOrqh6Hh6wt2HB8KvDv5s34hNR6hhQmrE2A+ZziRmDdW116Q/67ZK4mJ0UEsScaLmfNbzjZnwo+mWg==
  dependencies:
    autocompleter "^7.0.1"
    file-saver "^2.0.5"
    snabbdom "^3.5.1"
    sprotty-protocol "0.14.0-next.02bbac0.26+02bbac0"
    tinyqueue "^2.0.3"

tinyqueue@^2.0.3:
  version "2.0.3"
  resolved "https://registry.yarnpkg.com/tinyqueue/-/tinyqueue-2.0.3.tgz#64d8492ebf39e7801d7bd34062e29b45b2035f08"
  integrity sha512-ppJZNDuKGgxzkHihX8v9v9G5f+18gzaTfrukGrq6ueg0lmH4nqVnA2IPG0AEH3jKEk2GRJCUhDoqpoiw3PHLBA==

uuid@7.0.3:
  version "7.0.3"
  resolved "https://registry.yarnpkg.com/uuid/-/uuid-7.0.3.tgz#c5c9f2c8cf25dc0a372c4df1441c41f5bd0c680b"
  integrity sha512-DPSke0pXhTZgoF/d+WSt2QaKMCFSfx7QegxEWT+JOuHF5aWrKEn0G+ztjuJg/gG8/ItK+rbPCD/yNv8yyih6Cg==

vscode-jsonrpc@^8.0.2:
  version "8.1.0"
  resolved "https://registry.yarnpkg.com/vscode-jsonrpc/-/vscode-jsonrpc-8.1.0.tgz#cb9989c65e219e18533cc38e767611272d274c94"
  integrity sha512-6TDy/abTQk+zDGYazgbIPc+4JoXdwC8NHU9Pbn4UJP1fehUyZmM4RHp5IthX7A6L5KS30PRui+j+tbbMMMafdw==
